
Microsoft Visual Studio Solution File, Format Version 11.00
# Visual Studio 2010
Project("{FAE04EC0-301F-11D3-BF4B-00C04F79EFBC}") = "GTKsuma", "GTKsuma\GTKsuma.csproj", "{C98CF6EC-69CE-480D-B0F9-740A867E4361}"
EndProject
Global
	GlobalSection(SolutionConfigurationPlatforms) = preSolution
		Debug|x86 = Debug|x86
		Release|x86 = Release|x86
	EndGlobalSection
	GlobalSection(ProjectConfigurationPlatforms) = postSolution
		{C98CF6EC-69CE-480D-B0F9-740A867E4361}.Debug|x86.ActiveCfg = Debug|x86
		{C98CF6EC-69CE-480D-B0F9-740A867E4361}.Debug|x86.Build.0 = Debug|x86
		{C98CF6EC-69CE-480D-B0F9-740A867E4361}.Release|x86.ActiveCfg = Release|x86
		{C98CF6EC-69CE-480D-B0F9-740A867E4361}.Release|x86.Build.0 = Release|x86
	EndGlobalSection
	GlobalSection(MonoDevelopProperties) = preSolution
		StartupItem = GTKsuma\GTKsuma.csproj
	EndGlobalSection
EndGlobal
